
Microsoft Visual Studio Solution File, Format Version 12.00
# Visual Studio Version 17
VisualStudioVersion = 17.14.36203.30 d17.14
MinimumVisualStudioVersion = 10.0.40219.1
Project("{FAE04EC0-301F-11D3-BF4B-00C04F79EFBC}") = "Bazy danych", "Bazy danych\Bazy danych.csproj", "{0DC26BA3-D44D-4E2F-BC2C-9B459705CFE8}"
EndProject
Global
	GlobalSection(SolutionConfigurationPlatforms) = preSolution
		Debug|Any CPU = Debug|Any CPU
		Release|Any CPU = Release|Any CPU
	EndGlobalSection
	GlobalSection(ProjectConfigurationPlatforms) = postSolution
		{0DC26BA3-D44D-4E2F-BC2C-9B459705CFE8}.Debug|Any CPU.ActiveCfg = Debug|Any CPU
		{0DC26BA3-D44D-4E2F-BC2C-9B459705CFE8}.Debug|Any CPU.Build.0 = Debug|Any CPU
		{0DC26BA3-D44D-4E2F-BC2C-9B459705CFE8}.Release|Any CPU.ActiveCfg = Release|Any CPU
		{0DC26BA3-D44D-4E2F-BC2C-9B459705CFE8}.Release|Any CPU.Build.0 = Release|Any CPU
	EndGlobalSection
	GlobalSection(SolutionProperties) = preSolution
		HideSolutionNode = FALSE
	EndGlobalSection
	GlobalSection(ExtensibilityGlobals) = postSolution
		SolutionGuid = {A0CDE1C4-7736-4F79-9C90-84346D17E9C2}
	EndGlobalSection
EndGlobal
